
Microsoft Visual Studio Solution File, Format Version 12.00
# Visual Studio Version 16
VisualStudioVersion = 16.0.32126.315
MinimumVisualStudioVersion = 10.0.40219.1
Project("{FAE04EC0-301F-11D3-BF4B-00C04F79EFBC}") = "Blank_Project1", "WebApplication1\Blank_Project1.csproj", "{9A226179-1B9E-400F-BE3D-3BC61AF2EAB1}"
EndProject
Global
	GlobalSection(SolutionConfigurationPlatforms) = preSolution
		Debug|Any CPU = Debug|Any CPU
		Release|Any CPU = Release|Any CPU
	EndGlobalSection
	GlobalSection(ProjectConfigurationPlatforms) = postSolution
		{9A226179-1B9E-400F-BE3D-3BC61AF2EAB1}.Debug|Any CPU.ActiveCfg = Debug|Any CPU
		{9A226179-1B9E-400F-BE3D-3BC61AF2EAB1}.Debug|Any CPU.Build.0 = Debug|Any CPU
		{9A226179-1B9E-400F-BE3D-3BC61AF2EAB1}.Release|Any CPU.ActiveCfg = Release|Any CPU
		{9A226179-1B9E-400F-BE3D-3BC61AF2EAB1}.Release|Any CPU.Build.0 = Release|Any CPU
	EndGlobalSection
	GlobalSection(SolutionProperties) = preSolution
		HideSolutionNode = FALSE
	EndGlobalSection
	GlobalSection(ExtensibilityGlobals) = postSolution
		SolutionGuid = {49081AEA-1AE1-49F3-9CE2-91A3326D2CC9}
	EndGlobalSection
EndGlobal
